Microsoft Visual Studio Solution File, Format Version 8.00
Project("{FAE04EC0-301F-11D3-BF4B-00C04F79EFBC}") = "Ö½ÅÆ", "Ö½ÅÆ.csproj", "{B1D9EE37-BCAB-4CFE-85AB-1962305BD0EF}"
	ProjectSection(ProjectDependencies) = postProject
	EndProjectSection
EndProject
Global
	GlobalSection(SolutionConfiguration) = preSolution
		Debug = Debug
		Release = Release
	EndGlobalSection
	GlobalSection(ProjectConfiguration) = postSolution
		{B1D9EE37-BCAB-4CFE-85AB-1962305BD0EF}.Debug.ActiveCfg = Debug|.NET
		{B1D9EE37-BCAB-4CFE-85AB-1962305BD0EF}.Debug.Build.0 = Debug|.NET
		{B1D9EE37-BCAB-4CFE-85AB-1962305BD0EF}.Release.ActiveCfg = Release|.NET
		{B1D9EE37-BCAB-4CFE-85AB-1962305BD0EF}.Release.Build.0 = Release|.NET
	EndGlobalSection
	GlobalSection(ExtensibilityGlobals) = postSolution
	EndGlobalSection
	GlobalSection(ExtensibilityAddIns) = postSolution
	EndGlobalSection
EndGlobal
